
Microsoft Visual Studio Solution File, Format Version 12.00
# Visual Studio Version 17
VisualStudioVersion = 17.10.35122.118
MinimumVisualStudioVersion = 10.0.40219.1
Project("{FAE04EC0-301F-11D3-BF4B-00C04F79EFBC}") = "algorytm genetyczny", "algorytm genetyczny\algorytm genetyczny.csproj", "{332E45D3-EBB6-45E8-86DB-B1D2CF960060}"
EndProject
Global
	GlobalSection(SolutionConfigurationPlatforms) = preSolution
		Debug|Any CPU = Debug|Any CPU
		Release|Any CPU = Release|Any CPU
	EndGlobalSection
	GlobalSection(ProjectConfigurationPlatforms) = postSolution
		{332E45D3-EBB6-45E8-86DB-B1D2CF960060}.Debug|Any CPU.ActiveCfg = Debug|Any CPU
		{332E45D3-EBB6-45E8-86DB-B1D2CF960060}.Debug|Any CPU.Build.0 = Debug|Any CPU
		{332E45D3-EBB6-45E8-86DB-B1D2CF960060}.Release|Any CPU.ActiveCfg = Release|Any CPU
		{332E45D3-EBB6-45E8-86DB-B1D2CF960060}.Release|Any CPU.Build.0 = Release|Any CPU
	EndGlobalSection
	GlobalSection(SolutionProperties) = preSolution
		HideSolutionNode = FALSE
	EndGlobalSection
	GlobalSection(ExtensibilityGlobals) = postSolution
		SolutionGuid = {3D18B69B-DBE1-40DD-95E0-8341C543FC4F}
	EndGlobalSection
EndGlobal
